
Microsoft Visual Studio Solution File, Format Version 12.00
# Visual Studio Version 17
VisualStudioVersion = 17.8.34330.188
MinimumVisualStudioVersion = 10.0.40219.1
Project("{9A19103F-16F7-4668-BE54-9A1E7A4F7556}") = "dotnet-cp-jitter", "dotnet-cp-jittor\dotnet-cp-jitter.csproj", "{6EC687C1-A2CE-48CE-9270-B0B841BB17F2}"
EndProject
Project("{9A19103F-16F7-4668-BE54-9A1E7A4F7556}") = "jittor-bls", "jittor-bls\jittor-bls.csproj", "{01F560A3-A29C-41C8-BD7C-3396ACED8D3A}"
EndProject
Project("{9A19103F-16F7-4668-BE54-9A1E7A4F7556}") = "jittor-shared", "jittor-shared\jittor-shared.csproj", "{F12C22C6-2896-45AE-92DF-DAB2169E8E7B}"
EndProject
Global
	GlobalSection(SolutionConfigurationPlatforms) = preSolution
		Debug|Any CPU = Debug|Any CPU
		Release|Any CPU = Release|Any CPU
	EndGlobalSection
	GlobalSection(ProjectConfigurationPlatforms) = postSolution
		{6EC687C1-A2CE-48CE-9270-B0B841BB17F2}.Debug|Any CPU.ActiveCfg = Debug|Any CPU
		{6EC687C1-A2CE-48CE-9270-B0B841BB17F2}.Debug|Any CPU.Build.0 = Debug|Any CPU
		{6EC687C1-A2CE-48CE-9270-B0B841BB17F2}.Release|Any CPU.ActiveCfg = Release|Any CPU
		{6EC687C1-A2CE-48CE-9270-B0B841BB17F2}.Release|Any CPU.Build.0 = Release|Any CPU
		{01F560A3-A29C-41C8-BD7C-3396ACED8D3A}.Debug|Any CPU.ActiveCfg = Debug|Any CPU
		{01F560A3-A29C-41C8-BD7C-3396ACED8D3A}.Debug|Any CPU.Build.0 = Debug|Any CPU
		{01F560A3-A29C-41C8-BD7C-3396ACED8D3A}.Release|Any CPU.ActiveCfg = Release|Any CPU
		{01F560A3-A29C-41C8-BD7C-3396ACED8D3A}.Release|Any CPU.Build.0 = Release|Any CPU
		{F12C22C6-2896-45AE-92DF-DAB2169E8E7B}.Debug|Any CPU.ActiveCfg = Debug|Any CPU
		{F12C22C6-2896-45AE-92DF-DAB2169E8E7B}.Debug|Any CPU.Build.0 = Debug|Any CPU
		{F12C22C6-2896-45AE-92DF-DAB2169E8E7B}.Release|Any CPU.ActiveCfg = Release|Any CPU
		{F12C22C6-2896-45AE-92DF-DAB2169E8E7B}.Release|Any CPU.Build.0 = Release|Any CPU
	EndGlobalSection
	GlobalSection(SolutionProperties) = preSolution
		HideSolutionNode = FALSE
	EndGlobalSection
	GlobalSection(ExtensibilityGlobals) = postSolution
		SolutionGuid = {B5002D20-9BCE-44CB-A4A3-C981F01B9F3C}
	EndGlobalSection
EndGlobal
